
Microsoft Visual Studio Solution File, Format Version 12.00
# Visual Studio 2012
Project("{FAE04EC0-301F-11D3-BF4B-00C04F79EFBC}") = "Web", "WebApiCenter\Web.csproj", "{2FBE921F-D69C-4BF2-A50F-333B4EE91D49}"
EndProject
Project("{2150E333-8FDC-42A3-9474-1A3956D46DE8}") = "Framework", "Framework", "{DE02EF99-7A35-48DE-9B0C-A8ACA35CA09E}"
EndProject
Project("{FAE04EC0-301F-11D3-BF4B-00C04F79EFBC}") = "WebApiCenter.Core", "WebApiCenter.Core\WebApiCenter.Core.csproj", "{F18251C8-82B7-4AA3-9166-432BCACD503A}"
EndProject
Project("{FAE04EC0-301F-11D3-BF4B-00C04F79EFBC}") = "WebApiCenter.Models", "WebApiCenter.Model\WebApiCenter.Models.csproj", "{6F101D51-C539-44EA-9E87-DFBBC56E0B3C}"
EndProject
Project("{2150E333-8FDC-42A3-9474-1A3956D46DE8}") = "ApiLibrary", "ApiLibrary", "{90B6FB42-75BC-4069-B20F-0BF1C0B36633}"
EndProject
Global
	GlobalSection(SolutionConfigurationPlatforms) = preSolution
		Debug|Any CPU = Debug|Any CPU
		Release|Any CPU = Release|Any CPU
	EndGlobalSection
	GlobalSection(ProjectConfigurationPlatforms) = postSolution
		{2FBE921F-D69C-4BF2-A50F-333B4EE91D49}.Debug|Any CPU.ActiveCfg = Debug|Any CPU
		{2FBE921F-D69C-4BF2-A50F-333B4EE91D49}.Debug|Any CPU.Build.0 = Debug|Any CPU
		{2FBE921F-D69C-4BF2-A50F-333B4EE91D49}.Release|Any CPU.ActiveCfg = Release|Any CPU
		{2FBE921F-D69C-4BF2-A50F-333B4EE91D49}.Release|Any CPU.Build.0 = Release|Any CPU
		{F18251C8-82B7-4AA3-9166-432BCACD503A}.Debug|Any CPU.ActiveCfg = Debug|Any CPU
		{F18251C8-82B7-4AA3-9166-432BCACD503A}.Debug|Any CPU.Build.0 = Debug|Any CPU
		{F18251C8-82B7-4AA3-9166-432BCACD503A}.Release|Any CPU.ActiveCfg = Release|Any CPU
		{F18251C8-82B7-4AA3-9166-432BCACD503A}.Release|Any CPU.Build.0 = Release|Any CPU
		{6F101D51-C539-44EA-9E87-DFBBC56E0B3C}.Debug|Any CPU.ActiveCfg = Debug|Any CPU
		{6F101D51-C539-44EA-9E87-DFBBC56E0B3C}.Debug|Any CPU.Build.0 = Debug|Any CPU
		{6F101D51-C539-44EA-9E87-DFBBC56E0B3C}.Release|Any CPU.ActiveCfg = Release|Any CPU
		{6F101D51-C539-44EA-9E87-DFBBC56E0B3C}.Release|Any CPU.Build.0 = Release|Any CPU
	EndGlobalSection
	GlobalSection(SolutionProperties) = preSolution
		HideSolutionNode = FALSE
	EndGlobalSection
	GlobalSection(NestedProjects) = preSolution
		{F18251C8-82B7-4AA3-9166-432BCACD503A} = {DE02EF99-7A35-48DE-9B0C-A8ACA35CA09E}
		{6F101D51-C539-44EA-9E87-DFBBC56E0B3C} = {DE02EF99-7A35-48DE-9B0C-A8ACA35CA09E}
	EndGlobalSection
EndGlobal
